PODS:
  - Alamofire (4.8.0)
  - Kingfisher (5.1.0)
  - PKHUD (5.2.1)

DEPENDENCIES:
  - Alamofire
  - Kingfisher
  - PKHUD (~> 5.0)

SPEC REPOS:
  https://github.com/cocoapods/specs.git:
    - Alamofire
    - Kingfisher
    - PKHUD

SPEC CHECKSUMS:
  Alamofire: 3ec537f71edc9804815215393ae2b1a8ea33a844
  Kingfisher: fcec238063d17404fca89bf0a850583211c4cbf6
  PKHUD: 4e6162c4c39ac367c6934e9855c6b4762ee16256

PODFILE CHECKSUM: 1082db9a22e787e29398610110c8e41b8933dabd

COCOAPODS: 1.6.0
