// !$*UTF8*$!
{
	archiveVersion = 1;
	classes = {
	};
	objectVersion = 51;
	objects = {

/* Begin PBXBuildFile section */
		48009C472242E79D0086DE35 /* ClusterAnnotationView.swift in Sources */ = {isa = PBXBuildFile; fileRef = 48009C462242E79D0086DE35 /* ClusterAnnotationView.swift */; };
		48009C492242E7F30086DE35 /* FurgoperfectoAnnotation.swift in Sources */ = {isa = PBXBuildFile; fileRef = 48009C482242E7F30086DE35 /* FurgoperfectoAnnotation.swift */; };
		48009C4B2242E8940086DE35 /* FurgoperfectosAnnotationView.swift in Sources */ = {isa = PBXBuildFile; fileRef = 48009C4A2242E8940086DE35 /* FurgoperfectosAnnotationView.swift */; };
		48078EF324CEA4E8003F410C /* Place.swift in Sources */ = {isa = PBXBuildFile; fileRef = 48078EF224CEA4E8003F410C /* Place.swift */; };
		48078EF524CEA525003F410C /* FurgoparfectoModel.swift in Sources */ = {isa = PBXBuildFile; fileRef = 48078EF424CEA525003F410C /* FurgoparfectoModel.swift */; };
		48301CE023F1DC9700B3867B /* MainView.swift in Sources */ = {isa = PBXBuildFile; fileRef = 48301CDF23F1DC9700B3867B /* MainView.swift */; };
		48301CE223F1DCDB00B3867B /* SceneDelegate.swift in Sources */ = {isa = PBXBuildFile; fileRef = 48301CE123F1DCDB00B3867B /* SceneDelegate.swift */; };
		48301CE823F1E89200B3867B /* MapViewControllerRepresentable.swift in Sources */ = {isa = PBXBuildFile; fileRef = 48301CE723F1E89200B3867B /* MapViewControllerRepresentable.swift */; };
		48301CF223F205EB00B3867B /* FurgoperfectosListView.swift in Sources */ = {isa = PBXBuildFile; fileRef = 48301CF123F205EB00B3867B /* FurgoperfectosListView.swift */; };
		4837C7EF224427010060F89D /* FurgoperfectoMapAccessoryView.xib in Resources */ = {isa = PBXBuildFile; fileRef = 4837C7EE224427010060F89D /* FurgoperfectoMapAccessoryView.xib */; };
		4837C7F1224427170060F89D /* FurgoperfectoMapAccessoryView.swift in Sources */ = {isa = PBXBuildFile; fileRef = 4837C7F0224427170060F89D /* FurgoperfectoMapAccessoryView.swift */; };
		48429234222DACF1002B2C2C /* MapViewModel.swift in Sources */ = {isa = PBXBuildFile; fileRef = 48429233222DACF1002B2C2C /* MapViewModel.swift */; };
		48429237222DAD2E002B2C2C /* FurgoperfectosRepository.swift in Sources */ = {isa = PBXBuildFile; fileRef = 48429236222DAD2E002B2C2C /* FurgoperfectosRepository.swift */; };
		48429239222DAD3F002B2C2C /* FurgoperfectoDataModel.swift in Sources */ = {isa = PBXBuildFile; fileRef = 48429238222DAD3F002B2C2C /* FurgoperfectoDataModel.swift */; };
		4842923B222DBE12002B2C2C /* APIEndpoints.swift in Sources */ = {isa = PBXBuildFile; fileRef = 4842923A222DBE12002B2C2C /* APIEndpoints.swift */; };
		4842923D222DBF0A002B2C2C /* README.md in Resources */ = {isa = PBXBuildFile; fileRef = 4842923C222DBF0A002B2C2C /* README.md */; };
		4885F1B4236EE942003FF77D /* URLSessionExtensions.swift in Sources */ = {isa = PBXBuildFile; fileRef = 4885F1B3236EE942003FF77D /* URLSessionExtensions.swift */; };
		4885F1B9236F1464003FF77D /* MapViewDelegate.swift in Sources */ = {isa = PBXBuildFile; fileRef = 4885F1B8236F1464003FF77D /* MapViewDelegate.swift */; };
		4885F1BB236F1488003FF77D /* MapViewCLLocationManagerDelegate.swift in Sources */ = {isa = PBXBuildFile; fileRef = 4885F1BA236F1488003FF77D /* MapViewCLLocationManagerDelegate.swift */; };
		4894764B24CDB6C9007FB611 /* ArrayExtensions.swift in Sources */ = {isa = PBXBuildFile; fileRef = 4894764A24CDB6C9007FB611 /* ArrayExtensions.swift */; };
		4894764D24CDB9D3007FB611 /* FurgoperfectoViewModel.swift in Sources */ = {isa = PBXBuildFile; fileRef = 4894764C24CDB9D3007FB611 /* FurgoperfectoViewModel.swift */; };
		48BD1A8922381CDA000AF785 /* Extensions.swift in Sources */ = {isa = PBXBuildFile; fileRef = 48BD1A8822381CDA000AF785 /* Extensions.swift */; };
		48BD1A8F2238248C000AF785 /* FurgoperfectoListViewModel.swift in Sources */ = {isa = PBXBuildFile; fileRef = 48BD1A8E2238248C000AF785 /* FurgoperfectoListViewModel.swift */; };
		48CF531B222DA3F000C4F911 /* AppDelegate.swift in Sources */ = {isa = PBXBuildFile; fileRef = 48CF531A222DA3F000C4F911 /* AppDelegate.swift */; };
		48CF531D222DA3F000C4F911 /* MapViewController.swift in Sources */ = {isa = PBXBuildFile; fileRef = 48CF531C222DA3F000C4F911 /* MapViewController.swift */; };
		48CF5320222DA3F000C4F911 /* Main.storyboard in Resources */ = {isa = PBXBuildFile; fileRef = 48CF531E222DA3F000C4F911 /* Main.storyboard */; };
		48CF5322222DA3F200C4F911 /* Assets.xcassets in Resources */ = {isa = PBXBuildFile; fileRef = 48CF5321222DA3F200C4F911 /* Assets.xcassets */; };
		48CF5325222DA3F200C4F911 /* LaunchScreenV2.storyboard in Resources */ = {isa = PBXBuildFile; fileRef = 48CF5323222DA3F200C4F911 /* LaunchScreenV2.storyboard */; };
		48CF5330222DA3F200C4F911 /* FurgoperfectosTests.swift in Sources */ = {isa = PBXBuildFile; fileRef = 48CF532F222DA3F200C4F911 /* FurgoperfectosTests.swift */; };
		48CF533B222DA3F200C4F911 /* FurgoperfectosUITests.swift in Sources */ = {isa = PBXBuildFile; fileRef = 48CF533A222DA3F200C4F911 /* FurgoperfectosUITests.swift */; };
		48EB358B24CCA1FB008B1648 /* DataErrors.swift in Sources */ = {isa = PBXBuildFile; fileRef = 48EB358A24CCA1FB008B1648 /* DataErrors.swift */; };
		48EB358E24CCAB22008B1648 /* ImageLoader.swift in Sources */ = {isa = PBXBuildFile; fileRef = 48EB358D24CCAB22008B1648 /* ImageLoader.swift */; };
		48EB359024CCAB7F008B1648 /* AsyncImage.swift in Sources */ = {isa = PBXBuildFile; fileRef = 48EB358F24CCAB7F008B1648 /* AsyncImage.swift */; };
		48EB359224CCCE66008B1648 /* FurgoperfectosDetailView.swift in Sources */ = {isa = PBXBuildFile; fileRef = 48EB359124CCCE66008B1648 /* FurgoperfectosDetailView.swift */; };
		48EB359824CD6160008B1648 /* FurgoperfectoRowView.swift in Sources */ = {isa = PBXBuildFile; fileRef = 48EB359724CD6160008B1648 /* FurgoperfectoRowView.swift */; };
		BC82EA95651AD82D7A7BA7FD /* Pods_VanLifeTests.framework in Frameworks */ = {isa = PBXBuildFile; fileRef = 433BE1F34B8BF93D37EF2DDF /* Pods_VanLifeTests.framework */; };
		D71ED13A05B98E29F0C35B28 /* Pods_VanLifeUITests.framework in Frameworks */ = {isa = PBXBuildFile; fileRef = 8785D9E820581CA5B027DB90 /* Pods_VanLifeUITests.framework */; };
		F52CCDB685195D4A8A5DF911 /* Pods_VanLife.framework in Frameworks */ = {isa = PBXBuildFile; fileRef = 197BCCA1D079B3E7D71954CF /* Pods_VanLife.framework */; };
/* End PBXBuildFile section */

/* Begin PBXContainerItemProxy section */
		48CF532C222DA3F200C4F911 /* PBXContainerItemProxy */ = {
			isa = PBXContainerItemProxy;
			containerPortal = 48CF530F222DA3F000C4F911 /* Project object */;
			proxyType = 1;
			remoteGlobalIDString = 48CF5316222DA3F000C4F911;
			remoteInfo = Furgoperfectos;
		};
		48CF5337222DA3F200C4F911 /* PBXContainerItemProxy */ = {
			isa = PBXContainerItemProxy;
			containerPortal = 48CF530F222DA3F000C4F911 /* Project object */;
			proxyType = 1;
			remoteGlobalIDString = 48CF5316222DA3F000C4F911;
			remoteInfo = Furgoperfectos;
		};
/* End PBXContainerItemProxy section */

/* Begin PBXFileReference section */
		197BCCA1D079B3E7D71954CF /* Pods_VanLife.framework */ = {isa = PBXFileReference; explicitFileType = wrapper.framework; includeInIndex = 0; path = Pods_VanLife.framework; sourceTree = BUILT_PRODUCTS_DIR; };
		26B4F1911FD1D05E06909DF0 /* Pods-VanLifeTests.release.xcconfig */ = {isa = PBXFileReference; includeInIndex = 1; lastKnownFileType = text.xcconfig; name = "Pods-VanLifeTests.release.xcconfig"; path = "Target Support Files/Pods-VanLifeTests/Pods-VanLifeTests.release.xcconfig"; sourceTree = "<group>"; };
		423E2C370C6A202B3C4403F8 /* Pods-VanLife.debug.xcconfig */ = {isa = PBXFileReference; includeInIndex = 1; lastKnownFileType = text.xcconfig; name = "Pods-VanLife.debug.xcconfig"; path = "Target Support Files/Pods-VanLife/Pods-VanLife.debug.xcconfig"; sourceTree = "<group>"; };
		433BE1F34B8BF93D37EF2DDF /* Pods_VanLifeTests.framework */ = {isa = PBXFileReference; explicitFileType = wrapper.framework; includeInIndex = 0; path = Pods_VanLifeTests.framework; sourceTree = BUILT_PRODUCTS_DIR; };
		48009C462242E79D0086DE35 /* ClusterAnnotationView.swift */ = {isa = PBXFileReference; lastKnownFileType = sourcecode.swift; path = ClusterAnnotationView.swift; sourceTree = "<group>"; };
		48009C482242E7F30086DE35 /* FurgoperfectoAnnotation.swift */ = {isa = PBXFileReference; lastKnownFileType = sourcecode.swift; path = FurgoperfectoAnnotation.swift; sourceTree = "<group>"; };
		48009C4A2242E8940086DE35 /* FurgoperfectosAnnotationView.swift */ = {isa = PBXFileReference; fileEncoding = 4; lastKnownFileType = sourcecode.swift; path = FurgoperfectosAnnotationView.swift; sourceTree = "<group>"; };
		48078EF224CEA4E8003F410C /* Place.swift */ = {isa = PBXFileReference; lastKnownFileType = sourcecode.swift; path = Place.swift; sourceTree = "<group>"; };
		48078EF424CEA525003F410C /* FurgoparfectoModel.swift */ = {isa = PBXFileReference; lastKnownFileType = sourcecode.swift; path = FurgoparfectoModel.swift; sourceTree = "<group>"; };
		48301CDF23F1DC9700B3867B /* MainView.swift */ = {isa = PBXFileReference; lastKnownFileType = sourcecode.swift; path = MainView.swift; sourceTree = "<group>"; };
		48301CE123F1DCDB00B3867B /* SceneDelegate.swift */ = {isa = PBXFileReference; lastKnownFileType = sourcecode.swift; path = SceneDelegate.swift; sourceTree = "<group>"; };
		48301CE723F1E89200B3867B /* MapViewControllerRepresentable.swift */ = {isa = PBXFileReference; lastKnownFileType = sourcecode.swift; path = MapViewControllerRepresentable.swift; sourceTree = "<group>"; };
		48301CF123F205EB00B3867B /* FurgoperfectosListView.swift */ = {isa = PBXFileReference; lastKnownFileType = sourcecode.swift; path = FurgoperfectosListView.swift; sourceTree = "<group>"; };
		4837C7EE224427010060F89D /* FurgoperfectoMapAccessoryView.xib */ = {isa = PBXFileReference; lastKnownFileType = file.xib; path = FurgoperfectoMapAccessoryView.xib; sourceTree = "<group>"; };
		4837C7F0224427170060F89D /* FurgoperfectoMapAccessoryView.swift */ = {isa = PBXFileReference; lastKnownFileType = sourcecode.swift; path = FurgoperfectoMapAccessoryView.swift; sourceTree = "<group>"; };
		48429233222DACF1002B2C2C /* MapViewModel.swift */ = {isa = PBXFileReference; lastKnownFileType = sourcecode.swift; path = MapViewModel.swift; sourceTree = "<group>"; };
		48429236222DAD2E002B2C2C /* FurgoperfectosRepository.swift */ = {isa = PBXFileReference; lastKnownFileType = sourcecode.swift; path = FurgoperfectosRepository.swift; sourceTree = "<group>"; };
		48429238222DAD3F002B2C2C /* FurgoperfectoDataModel.swift */ = {isa = PBXFileReference; lastKnownFileType = sourcecode.swift; path = FurgoperfectoDataModel.swift; sourceTree = "<group>"; };
		4842923A222DBE12002B2C2C /* APIEndpoints.swift */ = {isa = PBXFileReference; lastKnownFileType = sourcecode.swift; path = APIEndpoints.swift; sourceTree = "<group>"; };
		4842923C222DBF0A002B2C2C /* README.md */ = {isa = PBXFileReference; fileEncoding = 4; lastKnownFileType = net.daringfireball.markdown; path = README.md; sourceTree = "<group>"; };
		4885F1B3236EE942003FF77D /* URLSessionExtensions.swift */ = {isa = PBXFileReference; lastKnownFileType = sourcecode.swift; path = URLSessionExtensions.swift; sourceTree = "<group>"; };
		4885F1B8236F1464003FF77D /* MapViewDelegate.swift */ = {isa = PBXFileReference; lastKnownFileType = sourcecode.swift; path = MapViewDelegate.swift; sourceTree = "<group>"; };
		4885F1BA236F1488003FF77D /* MapViewCLLocationManagerDelegate.swift */ = {isa = PBXFileReference; lastKnownFileType = sourcecode.swift; path = MapViewCLLocationManagerDelegate.swift; sourceTree = "<group>"; };
		4894764A24CDB6C9007FB611 /* ArrayExtensions.swift */ = {isa = PBXFileReference; lastKnownFileType = sourcecode.swift; path = ArrayExtensions.swift; sourceTree = "<group>"; };
		4894764C24CDB9D3007FB611 /* FurgoperfectoViewModel.swift */ = {isa = PBXFileReference; lastKnownFileType = sourcecode.swift; path = FurgoperfectoViewModel.swift; sourceTree = "<group>"; };
		48BD1A8822381CDA000AF785 /* Extensions.swift */ = {isa = PBXFileReference; lastKnownFileType = sourcecode.swift; path = Extensions.swift; sourceTree = "<group>"; };
		48BD1A8E2238248C000AF785 /* FurgoperfectoListViewModel.swift */ = {isa = PBXFileReference; lastKnownFileType = sourcecode.swift; path = FurgoperfectoListViewModel.swift; sourceTree = "<group>"; };
		48CF5317222DA3F000C4F911 /* VanLife.app */ = {isa = PBXFileReference; explicitFileType = wrapper.application; includeInIndex = 0; path = VanLife.app; sourceTree = BUILT_PRODUCTS_DIR; };
		48CF531A222DA3F000C4F911 /* AppDelegate.swift */ = {isa = PBXFileReference; lastKnownFileType = sourcecode.swift; path = AppDelegate.swift; sourceTree = "<group>"; };
		48CF531C222DA3F000C4F911 /* MapViewController.swift */ = {isa = PBXFileReference; lastKnownFileType = sourcecode.swift; path = MapViewController.swift; sourceTree = "<group>"; };
		48CF531F222DA3F000C4F911 /* Base */ = {isa = PBXFileReference; lastKnownFileType = file.storyboard; name = Base; path = Base.lproj/Main.storyboard; sourceTree = "<group>"; };
		48CF5321222DA3F200C4F911 /* Assets.xcassets */ = {isa = PBXFileReference; lastKnownFileType = folder.assetcatalog; path = Assets.xcassets; sourceTree = "<group>"; };
		48CF5324222DA3F200C4F911 /* Base */ = {isa = PBXFileReference; lastKnownFileType = file.storyboard; name = Base; path = Base.lproj/LaunchScreenV2.storyboard; sourceTree = "<group>"; };
		48CF5326222DA3F200C4F911 /* Info.plist */ = {isa = PBXFileReference; lastKnownFileType = text.plist.xml; path = Info.plist; sourceTree = "<group>"; };
		48CF532B222DA3F200C4F911 /* VanLifeTests.xctest */ = {isa = PBXFileReference; explicitFileType = wrapper.cfbundle; includeInIndex = 0; path = VanLifeTests.xctest; sourceTree = BUILT_PRODUCTS_DIR; };
		48CF532F222DA3F200C4F911 /* FurgoperfectosTests.swift */ = {isa = PBXFileReference; lastKnownFileType = sourcecode.swift; path = FurgoperfectosTests.swift; sourceTree = "<group>"; };
		48CF5331222DA3F200C4F911 /* Info.plist */ = {isa = PBXFileReference; lastKnownFileType = text.plist.xml; path = Info.plist; sourceTree = "<group>"; };
		48CF5336222DA3F200C4F911 /* VanLifeUITests.xctest */ = {isa = PBXFileReference; explicitFileType = wrapper.cfbundle; includeInIndex = 0; path = VanLifeUITests.xctest; sourceTree = BUILT_PRODUCTS_DIR; };
		48CF533A222DA3F200C4F911 /* FurgoperfectosUITests.swift */ = {isa = PBXFileReference; lastKnownFileType = sourcecode.swift; path = FurgoperfectosUITests.swift; sourceTree = "<group>"; };
		48CF533C222DA3F200C4F911 /* Info.plist */ = {isa = PBXFileReference; lastKnownFileType = text.plist.xml; path = Info.plist; sourceTree = "<group>"; };
		48EB358A24CCA1FB008B1648 /* DataErrors.swift */ = {isa = PBXFileReference; lastKnownFileType = sourcecode.swift; path = DataErrors.swift; sourceTree = "<group>"; };
		48EB358D24CCAB22008B1648 /* ImageLoader.swift */ = {isa = PBXFileReference; lastKnownFileType = sourcecode.swift; path = ImageLoader.swift; sourceTree = "<group>"; };
		48EB358F24CCAB7F008B1648 /* AsyncImage.swift */ = {isa = PBXFileReference; lastKnownFileType = sourcecode.swift; path = AsyncImage.swift; sourceTree = "<group>"; };
		48EB359124CCCE66008B1648 /* FurgoperfectosDetailView.swift */ = {isa = PBXFileReference; lastKnownFileType = sourcecode.swift; path = FurgoperfectosDetailView.swift; sourceTree = "<group>"; };
		48EB359724CD6160008B1648 /* FurgoperfectoRowView.swift */ = {isa = PBXFileReference; lastKnownFileType = sourcecode.swift; path = FurgoperfectoRowView.swift; sourceTree = "<group>"; };
		4FDBD3D9007C63628CD0B37C /* Pods-Furgoperfectos.debug.xcconfig */ = {isa = PBXFileReference; includeInIndex = 1; lastKnownFileType = text.xcconfig; name = "Pods-Furgoperfectos.debug.xcconfig"; path = "Target Support Files/Pods-Furgoperfectos/Pods-Furgoperfectos.debug.xcconfig"; sourceTree = "<group>"; };
		61ACBD92EC4BC09E1C5B1DCC /* Pods-FurgoperfectosUITests.release.xcconfig */ = {isa = PBXFileReference; includeInIndex = 1; lastKnownFileType = text.xcconfig; name = "Pods-FurgoperfectosUITests.release.xcconfig"; path = "Target Support Files/Pods-FurgoperfectosUITests/Pods-FurgoperfectosUITests.release.xcconfig"; sourceTree = "<group>"; };
		6D9A1CA5E7DEAA04327DBFA8 /* Pods-VanLife.release.xcconfig */ = {isa = PBXFileReference; includeInIndex = 1; lastKnownFileType = text.xcconfig; name = "Pods-VanLife.release.xcconfig"; path = "Target Support Files/Pods-VanLife/Pods-VanLife.release.xcconfig"; sourceTree = "<group>"; };
		8785D9E820581CA5B027DB90 /* Pods_VanLifeUITests.framework */ = {isa = PBXFileReference; explicitFileType = wrapper.framework; includeInIndex = 0; path = Pods_VanLifeUITests.framework; sourceTree = BUILT_PRODUCTS_DIR; };
		887EE5F019E63995012D1777 /* Pods-VanLifeTests.debug.xcconfig */ = {isa = PBXFileReference; includeInIndex = 1; lastKnownFileType = text.xcconfig; name = "Pods-VanLifeTests.debug.xcconfig"; path = "Target Support Files/Pods-VanLifeTests/Pods-VanLifeTests.debug.xcconfig"; sourceTree = "<group>"; };
		8D06E6B50F95F956C69137AE /* Pods-Furgoperfectos.release.xcconfig */ = {isa = PBXFileReference; includeInIndex = 1; lastKnownFileType = text.xcconfig; name = "Pods-Furgoperfectos.release.xcconfig"; path = "Target Support Files/Pods-Furgoperfectos/Pods-Furgoperfectos.release.xcconfig"; sourceTree = "<group>"; };
		94A6A07D6799E9AA29378D42 /* Pods-FurgoperfectosUITests.debug.xcconfig */ = {isa = PBXFileReference; includeInIndex = 1; lastKnownFileType = text.xcconfig; name = "Pods-FurgoperfectosUITests.debug.xcconfig"; path = "Target Support Files/Pods-FurgoperfectosUITests/Pods-FurgoperfectosUITests.debug.xcconfig"; sourceTree = "<group>"; };
		99B23FE0F3F8B57B4FDEA61B /* Pods-VanLifeUITests.debug.xcconfig */ = {isa = PBXFileReference; includeInIndex = 1; lastKnownFileType = text.xcconfig; name = "Pods-VanLifeUITests.debug.xcconfig"; path = "Target Support Files/Pods-VanLifeUITests/Pods-VanLifeUITests.debug.xcconfig"; sourceTree = "<group>"; };
		C1CBC70DCB630850D05BE956 /* Pods-FurgoperfectosTests.release.xcconfig */ = {isa = PBXFileReference; includeInIndex = 1; lastKnownFileType = text.xcconfig; name = "Pods-FurgoperfectosTests.release.xcconfig"; path = "Target Support Files/Pods-FurgoperfectosTests/Pods-FurgoperfectosTests.release.xcconfig"; sourceTree = "<group>"; };
		E08724FC34810B8366F4042D /* Pods-FurgoperfectosTests.debug.xcconfig */ = {isa = PBXFileReference; includeInIndex = 1; lastKnownFileType = text.xcconfig; name = "Pods-FurgoperfectosTests.debug.xcconfig"; path = "Target Support Files/Pods-FurgoperfectosTests/Pods-FurgoperfectosTests.debug.xcconfig"; sourceTree = "<group>"; };
		FB8428F68ED2F4818470B851 /* Pods-VanLifeUITests.release.xcconfig */ = {isa = PBXFileReference; includeInIndex = 1; lastKnownFileType = text.xcconfig; name = "Pods-VanLifeUITests.release.xcconfig"; path = "Target Support Files/Pods-VanLifeUITests/Pods-VanLifeUITests.release.xcconfig"; sourceTree = "<group>"; };
/* End PBXFileReference section */

/* Begin PBXFrameworksBuildPhase section */
		48CF5314222DA3F000C4F911 /* Frameworks */ = {
			isa = PBXFrameworksBuildPhase;
			buildActionMask = 2147483647;
			files = (
				F52CCDB685195D4A8A5DF911 /* Pods_VanLife.framework in Frameworks */,
			);
			runOnlyForDeploymentPostprocessing = 0;
		};
		48CF5328222DA3F200C4F911 /* Frameworks */ = {
			isa = PBXFrameworksBuildPhase;
			buildActionMask = 2147483647;
			files = (
				BC82EA95651AD82D7A7BA7FD /* Pods_VanLifeTests.framework in Frameworks */,
			);
			runOnlyForDeploymentPostprocessing = 0;
		};
		48CF5333222DA3F200C4F911 /* Frameworks */ = {
			isa = PBXFrameworksBuildPhase;
			buildActionMask = 2147483647;
			files = (
				D71ED13A05B98E29F0C35B28 /* Pods_VanLifeUITests.framework in Frameworks */,
			);
			runOnlyForDeploymentPostprocessing = 0;
		};
/* End PBXFrameworksBuildPhase section */

/* Begin PBXGroup section */
		48009C4C2242E8D70086DE35 /* Model */ = {
			isa = PBXGroup;
			children = (
				48009C482242E7F30086DE35 /* FurgoperfectoAnnotation.swift */,
			);
			path = Model;
			sourceTree = "<group>";
		};
		48301CDC23F1DB5E00B3867B /* Presentation Layer */ = {
			isa = PBXGroup;
			children = (
				48301CDF23F1DC9700B3867B /* MainView.swift */,
				48CF531E222DA3F000C4F911 /* Main.storyboard */,
				48CF5349222DA4A900C4F911 /* Furgoperfectos MapView */,
				48301CF323F2061600B3867B /* Furgoperfectos ListView */,
				4885F1C1236F42CE003FF77D /* Furgoperfectos DetailView */,
				48301CE323F1DEBE00B3867B /* UIComponents */,
			);
			path = "Presentation Layer";
			sourceTree = "<group>";
		};
		48301CDD23F1DB7000B3867B /* Data Layer */ = {
			isa = PBXGroup;
			children = (
				48429238222DAD3F002B2C2C /* FurgoperfectoDataModel.swift */,
				4842923A222DBE12002B2C2C /* APIEndpoints.swift */,
				48EB358A24CCA1FB008B1648 /* DataErrors.swift */,
			);
			path = "Data Layer";
			sourceTree = "<group>";
		};
		48301CDE23F1DBE200B3867B /* Domain Layer */ = {
			isa = PBXGroup;
			children = (
				48429236222DAD2E002B2C2C /* FurgoperfectosRepository.swift */,
				48078EF224CEA4E8003F410C /* Place.swift */,
				48078EF424CEA525003F410C /* FurgoparfectoModel.swift */,
			);
			path = "Domain Layer";
			sourceTree = "<group>";
		};
		48301CE323F1DEBE00B3867B /* UIComponents */ = {
			isa = PBXGroup;
			children = (
				48EB358C24CCAB16008B1648 /* ImageLoader */,
			);
			path = UIComponents;
			sourceTree = "<group>";
		};
		48301CF323F2061600B3867B /* Furgoperfectos ListView */ = {
			isa = PBXGroup;
			children = (
				48301CF123F205EB00B3867B /* FurgoperfectosListView.swift */,
				48EB359724CD6160008B1648 /* FurgoperfectoRowView.swift */,
				48BD1A8E2238248C000AF785 /* FurgoperfectoListViewModel.swift */,
				4894764C24CDB9D3007FB611 /* FurgoperfectoViewModel.swift */,
			);
			path = "Furgoperfectos ListView";
			sourceTree = "<group>";
		};
		4837C7ED2243D7E90060F89D /* View */ = {
			isa = PBXGroup;
			children = (
				4837C7EE224427010060F89D /* FurgoperfectoMapAccessoryView.xib */,
				4837C7F0224427170060F89D /* FurgoperfectoMapAccessoryView.swift */,
				48009C4A2242E8940086DE35 /* FurgoperfectosAnnotationView.swift */,
				48009C462242E79D0086DE35 /* ClusterAnnotationView.swift */,
			);
			path = View;
			sourceTree = "<group>";
		};
		4842922D222DAC3A002B2C2C /* Controller */ = {
			isa = PBXGroup;
			children = (
				48CF531C222DA3F000C4F911 /* MapViewController.swift */,
				4885F1B8236F1464003FF77D /* MapViewDelegate.swift */,
				4885F1BA236F1488003FF77D /* MapViewCLLocationManagerDelegate.swift */,
				48301CE723F1E89200B3867B /* MapViewControllerRepresentable.swift */,
			);
			path = Controller;
			sourceTree = "<group>";
		};
		4842922E222DAC45002B2C2C /* ViewModel */ = {
			isa = PBXGroup;
			children = (
				48429233222DACF1002B2C2C /* MapViewModel.swift */,
			);
			path = ViewModel;
			sourceTree = "<group>";
		};
		4885F1BC236F19B8003FF77D /* Extensions */ = {
			isa = PBXGroup;
			children = (
				48BD1A8822381CDA000AF785 /* Extensions.swift */,
				4885F1B3236EE942003FF77D /* URLSessionExtensions.swift */,
				4894764A24CDB6C9007FB611 /* ArrayExtensions.swift */,
			);
			path = Extensions;
			sourceTree = "<group>";
		};
		4885F1BD236F19CD003FF77D /* Resources */ = {
			isa = PBXGroup;
			children = (
				48CF5323222DA3F200C4F911 /* LaunchScreenV2.storyboard */,
				48CF5321222DA3F200C4F911 /* Assets.xcassets */,
				48CF5326222DA3F200C4F911 /* Info.plist */,
			);
			path = Resources;
			sourceTree = "<group>";
		};
		4885F1C1236F42CE003FF77D /* Furgoperfectos DetailView */ = {
			isa = PBXGroup;
			children = (
				48EB359124CCCE66008B1648 /* FurgoperfectosDetailView.swift */,
			);
			path = "Furgoperfectos DetailView";
			sourceTree = "<group>";
		};
		48CF530E222DA3F000C4F911 = {
			isa = PBXGroup;
			children = (
				4842923C222DBF0A002B2C2C /* README.md */,
				48CF5319222DA3F000C4F911 /* VanLife */,
				48CF532E222DA3F200C4F911 /* VanLifeTests */,
				48CF5339222DA3F200C4F911 /* VanLifeUITests */,
				48CF5318222DA3F000C4F911 /* Products */,
				CEBFEE76D082FC8DE84AECDF /* Pods */,
				FA30673C5385D9FD80E1905F /* Frameworks */,
			);
			sourceTree = "<group>";
		};
		48CF5318222DA3F000C4F911 /* Products */ = {
			isa = PBXGroup;
			children = (
				48CF5317222DA3F000C4F911 /* VanLife.app */,
				48CF532B222DA3F200C4F911 /* VanLifeTests.xctest */,
				48CF5336222DA3F200C4F911 /* VanLifeUITests.xctest */,
			);
			name = Products;
			sourceTree = "<group>";
		};
		48CF5319222DA3F000C4F911 /* VanLife */ = {
			isa = PBXGroup;
			children = (
				48301CDC23F1DB5E00B3867B /* Presentation Layer */,
				48301CDE23F1DBE200B3867B /* Domain Layer */,
				48301CDD23F1DB7000B3867B /* Data Layer */,
				4885F1BD236F19CD003FF77D /* Resources */,
				4885F1BC236F19B8003FF77D /* Extensions */,
				48CF531A222DA3F000C4F911 /* AppDelegate.swift */,
				48301CE123F1DCDB00B3867B /* SceneDelegate.swift */,
			);
			path = VanLife;
			sourceTree = "<group>";
		};
		48CF532E222DA3F200C4F911 /* VanLifeTests */ = {
			isa = PBXGroup;
			children = (
				48CF532F222DA3F200C4F911 /* FurgoperfectosTests.swift */,
				48CF5331222DA3F200C4F911 /* Info.plist */,
			);
			path = VanLifeTests;
			sourceTree = "<group>";
		};
		48CF5339222DA3F200C4F911 /* VanLifeUITests */ = {
			isa = PBXGroup;
			children = (
				48CF533A222DA3F200C4F911 /* FurgoperfectosUITests.swift */,
				48CF533C222DA3F200C4F911 /* Info.plist */,
			);
			path = VanLifeUITests;
			sourceTree = "<group>";
		};
		48CF5349222DA4A900C4F911 /* Furgoperfectos MapView */ = {
			isa = PBXGroup;
			children = (
				4837C7ED2243D7E90060F89D /* View */,
				48009C4C2242E8D70086DE35 /* Model */,
				4842922E222DAC45002B2C2C /* ViewModel */,
				4842922D222DAC3A002B2C2C /* Controller */,
			);
			path = "Furgoperfectos MapView";
			sourceTree = "<group>";
		};
		48EB358C24CCAB16008B1648 /* ImageLoader */ = {
			isa = PBXGroup;
			children = (
				48EB358D24CCAB22008B1648 /* ImageLoader.swift */,
				48EB358F24CCAB7F008B1648 /* AsyncImage.swift */,
			);
			path = ImageLoader;
			sourceTree = "<group>";
		};
		CEBFEE76D082FC8DE84AECDF /* Pods */ = {
			isa = PBXGroup;
			children = (
				4FDBD3D9007C63628CD0B37C /* Pods-Furgoperfectos.debug.xcconfig */,
				8D06E6B50F95F956C69137AE /* Pods-Furgoperfectos.release.xcconfig */,
				E08724FC34810B8366F4042D /* Pods-FurgoperfectosTests.debug.xcconfig */,
				C1CBC70DCB630850D05BE956 /* Pods-FurgoperfectosTests.release.xcconfig */,
				94A6A07D6799E9AA29378D42 /* Pods-FurgoperfectosUITests.debug.xcconfig */,
				61ACBD92EC4BC09E1C5B1DCC /* Pods-FurgoperfectosUITests.release.xcconfig */,
				423E2C370C6A202B3C4403F8 /* Pods-VanLife.debug.xcconfig */,
				6D9A1CA5E7DEAA04327DBFA8 /* Pods-VanLife.release.xcconfig */,
				887EE5F019E63995012D1777 /* Pods-VanLifeTests.debug.xcconfig */,
				26B4F1911FD1D05E06909DF0 /* Pods-VanLifeTests.release.xcconfig */,
				99B23FE0F3F8B57B4FDEA61B /* Pods-VanLifeUITests.debug.xcconfig */,
				FB8428F68ED2F4818470B851 /* Pods-VanLifeUITests.release.xcconfig */,
			);
			path = Pods;
			sourceTree = "<group>";
		};
		FA30673C5385D9FD80E1905F /* Frameworks */ = {
			isa = PBXGroup;
			children = (
				197BCCA1D079B3E7D71954CF /* Pods_VanLife.framework */,
				433BE1F34B8BF93D37EF2DDF /* Pods_VanLifeTests.framework */,
				8785D9E820581CA5B027DB90 /* Pods_VanLifeUITests.framework */,
			);
			name = Frameworks;
			sourceTree = "<group>";
		};
/* End PBXGroup section */

/* Begin PBXNativeTarget section */
		48CF5316222DA3F000C4F911 /* VanLife */ = {
			isa = PBXNativeTarget;
			buildConfigurationList = 48CF533F222DA3F200C4F911 /* Build configuration list for PBXNativeTarget "VanLife" */;
			buildPhases = (
				FF6CF8D3C8E1AF56F3A989EF /* [CP] Check Pods Manifest.lock */,
				48CF5313222DA3F000C4F911 /* Sources */,
				48CF5314222DA3F000C4F911 /* Frameworks */,
				48CF5315222DA3F000C4F911 /* Resources */,
				738D4BA77E0AC71A8939C67A /* [CP] Embed Pods Frameworks */,
			);
			buildRules = (
			);
			dependencies = (
			);
			name = VanLife;
			productName = Furgoperfectos;
			productReference = 48CF5317222DA3F000C4F911 /* VanLife.app */;
			productType = "com.apple.product-type.application";
		};
		48CF532A222DA3F200C4F911 /* VanLifeTests */ = {
			isa = PBXNativeTarget;
			buildConfigurationList = 48CF5342222DA3F200C4F911 /* Build configuration list for PBXNativeTarget "VanLifeTests" */;
			buildPhases = (
				DE17519275B32B29B6A8EAF1 /* [CP] Check Pods Manifest.lock */,
				48CF5327222DA3F200C4F911 /* Sources */,
				48CF5328222DA3F200C4F911 /* Frameworks */,
				48CF5329222DA3F200C4F911 /* Resources */,
			);
			buildRules = (
			);
			dependencies = (
				48CF532D222DA3F200C4F911 /* PBXTargetDependency */,
			);
			name = VanLifeTests;
			productName = FurgoperfectosTests;
			productReference = 48CF532B222DA3F200C4F911 /* VanLifeTests.xctest */;
			productType = "com.apple.product-type.bundle.unit-test";
		};
		48CF5335222DA3F200C4F911 /* VanLifeUITests */ = {
			isa = PBXNativeTarget;
			buildConfigurationList = 48CF5345222DA3F200C4F911 /* Build configuration list for PBXNativeTarget "VanLifeUITests" */;
			buildPhases = (
				B3DF7CA1D2017E765C07819A /* [CP] Check Pods Manifest.lock */,
				48CF5332222DA3F200C4F911 /* Sources */,
				48CF5333222DA3F200C4F911 /* Frameworks */,
				48CF5334222DA3F200C4F911 /* Resources */,
			);
			buildRules = (
			);
			dependencies = (
				48CF5338222DA3F200C4F911 /* PBXTargetDependency */,
			);
			name = VanLifeUITests;
			productName = FurgoperfectosUITests;
			productReference = 48CF5336222DA3F200C4F911 /* VanLifeUITests.xctest */;
			productType = "com.apple.product-type.bundle.ui-testing";
		};
/* End PBXNativeTarget section */

/* Begin PBXProject section */
		48CF530F222DA3F000C4F911 /* Project object */ = {
			isa = PBXProject;
			attributes = {
				LastSwiftUpdateCheck = 1010;
				LastUpgradeCheck = 1010;
				ORGANIZATIONNAME = "Josep Escobar";
				TargetAttributes = {
					48CF5316222DA3F000C4F911 = {
						CreatedOnToolsVersion = 10.1;
					};
					48CF532A222DA3F200C4F911 = {
						CreatedOnToolsVersion = 10.1;
						TestTargetID = 48CF5316222DA3F000C4F911;
					};
					48CF5335222DA3F200C4F911 = {
						CreatedOnToolsVersion = 10.1;
						TestTargetID = 48CF5316222DA3F000C4F911;
					};
				};
			};
			buildConfigurationList = 48CF5312222DA3F000C4F911 /* Build configuration list for PBXProject "VanLife" */;
			compatibilityVersion = "Xcode 9.3";
			developmentRegion = en;
			hasScannedForEncodings = 0;
			knownRegions = (
				en,
				Base,
			);
			mainGroup = 48CF530E222DA3F000C4F911;
			productRefGroup = 48CF5318222DA3F000C4F911 /* Products */;
			projectDirPath = "";
			projectRoot = "";
			targets = (
				48CF5316222DA3F000C4F911 /* VanLife */,
				48CF532A222DA3F200C4F911 /* VanLifeTests */,
				48CF5335222DA3F200C4F911 /* VanLifeUITests */,
			);
		};
/* End PBXProject section */

/* Begin PBXResourcesBuildPhase section */
		48CF5315222DA3F000C4F911 /* Resources */ = {
			isa = PBXResourcesBuildPhase;
			buildActionMask = 2147483647;
			files = (
				48CF5325222DA3F200C4F911 /* LaunchScreenV2.storyboard in Resources */,
				48CF5322222DA3F200C4F911 /* Assets.xcassets in Resources */,
				4842923D222DBF0A002B2C2C /* README.md in Resources */,
				48CF5320222DA3F000C4F911 /* Main.storyboard in Resources */,
				4837C7EF224427010060F89D /* FurgoperfectoMapAccessoryView.xib in Resources */,
			);
			runOnlyForDeploymentPostprocessing = 0;
		};
		48CF5329222DA3F200C4F911 /* Resources */ = {
			isa = PBXResourcesBuildPhase;
			buildActionMask = 2147483647;
			files = (
			);
			runOnlyForDeploymentPostprocessing = 0;
		};
		48CF5334222DA3F200C4F911 /* Resources */ = {
			isa = PBXResourcesBuildPhase;
			buildActionMask = 2147483647;
			files = (
			);
			runOnlyForDeploymentPostprocessing = 0;
		};
/* End PBXResourcesBuildPhase section */

/* Begin PBXShellScriptBuildPhase section */
		738D4BA77E0AC71A8939C67A /* [CP] Embed Pods Frameworks */ = {
			isa = PBXShellScriptBuildPhase;
			buildActionMask = 2147483647;
			files = (
			);
			inputFileListPaths = (
				"${PODS_ROOT}/Target Support Files/Pods-VanLife/Pods-VanLife-frameworks-${CONFIGURATION}-input-files.xcfilelist",
			);
			name = "[CP] Embed Pods Frameworks";
			outputFileListPaths = (
				"${PODS_ROOT}/Target Support Files/Pods-VanLife/Pods-VanLife-frameworks-${CONFIGURATION}-output-files.xcfilelist",
			);
			runOnlyForDeploymentPostprocessing = 0;
			shellPath = /bin/sh;
			shellScript = "\"${PODS_ROOT}/Target Support Files/Pods-VanLife/Pods-VanLife-frameworks.sh\"\n";
			showEnvVarsInLog = 0;
		};
		B3DF7CA1D2017E765C07819A /* [CP] Check Pods Manifest.lock */ = {
			isa = PBXShellScriptBuildPhase;
			buildActionMask = 2147483647;
			files = (
			);
			inputFileListPaths = (
			);
			inputPaths = (
				"${PODS_PODFILE_DIR_PATH}/Podfile.lock",
				"${PODS_ROOT}/Manifest.lock",
			);
			name = "[CP] Check Pods Manifest.lock";
			outputFileListPaths = (
			);
			outputPaths = (
				"$(DERIVED_FILE_DIR)/Pods-VanLifeUITests-checkManifestLockResult.txt",
			);
			runOnlyForDeploymentPostprocessing = 0;
			shellPath = /bin/sh;
			shellScript = "diff \"${PODS_PODFILE_DIR_PATH}/Podfile.lock\" \"${PODS_ROOT}/Manifest.lock\" > /dev/null\nif [ $? != 0 ] ; then\n    # print error to STDERR\n    echo \"error: The sandbox is not in sync with the Podfile.lock. Run 'pod install' or update your CocoaPods installation.\" >&2\n    exit 1\nfi\n# This output is used by Xcode 'outputs' to avoid re-running this script phase.\necho \"SUCCESS\" > \"${SCRIPT_OUTPUT_FILE_0}\"\n";
			showEnvVarsInLog = 0;
		};
		DE17519275B32B29B6A8EAF1 /* [CP] Check Pods Manifest.lock */ = {
			isa = PBXShellScriptBuildPhase;
			buildActionMask = 2147483647;
			files = (
			);
			inputFileListPaths = (
			);
			inputPaths = (
				"${PODS_PODFILE_DIR_PATH}/Podfile.lock",
				"${PODS_ROOT}/Manifest.lock",
			);
			name = "[CP] Check Pods Manifest.lock";
			outputFileListPaths = (
			);
			outputPaths = (
				"$(DERIVED_FILE_DIR)/Pods-VanLifeTests-checkManifestLockResult.txt",
			);
			runOnlyForDeploymentPostprocessing = 0;
			shellPath = /bin/sh;
			shellScript = "diff \"${PODS_PODFILE_DIR_PATH}/Podfile.lock\" \"${PODS_ROOT}/Manifest.lock\" > /dev/null\nif [ $? != 0 ] ; then\n    # print error to STDERR\n    echo \"error: The sandbox is not in sync with the Podfile.lock. Run 'pod install' or update your CocoaPods installation.\" >&2\n    exit 1\nfi\n# This output is used by Xcode 'outputs' to avoid re-running this script phase.\necho \"SUCCESS\" > \"${SCRIPT_OUTPUT_FILE_0}\"\n";
			showEnvVarsInLog = 0;
		};
		FF6CF8D3C8E1AF56F3A989EF /* [CP] Check Pods Manifest.lock */ = {
			isa = PBXShellScriptBuildPhase;
			buildActionMask = 2147483647;
			files = (
			);
			inputFileListPaths = (
			);
			inputPaths = (
				"${PODS_PODFILE_DIR_PATH}/Podfile.lock",
				"${PODS_ROOT}/Manifest.lock",
			);
			name = "[CP] Check Pods Manifest.lock";
			outputFileListPaths = (
			);
			outputPaths = (
				"$(DERIVED_FILE_DIR)/Pods-VanLife-checkManifestLockResult.txt",
			);
			runOnlyForDeploymentPostprocessing = 0;
			shellPath = /bin/sh;
			shellScript = "diff \"${PODS_PODFILE_DIR_PATH}/Podfile.lock\" \"${PODS_ROOT}/Manifest.lock\" > /dev/null\nif [ $? != 0 ] ; then\n    # print error to STDERR\n    echo \"error: The sandbox is not in sync with the Podfile.lock. Run 'pod install' or update your CocoaPods installation.\" >&2\n    exit 1\nfi\n# This output is used by Xcode 'outputs' to avoid re-running this script phase.\necho \"SUCCESS\" > \"${SCRIPT_OUTPUT_FILE_0}\"\n";
			showEnvVarsInLog = 0;
		};
/* End PBXShellScriptBuildPhase section */

/* Begin PBXSourcesBuildPhase section */
		48CF5313222DA3F000C4F911 /* Sources */ = {
			isa = PBXSourcesBuildPhase;
			buildActionMask = 2147483647;
			files = (
				48301CE823F1E89200B3867B /* MapViewControllerRepresentable.swift in Sources */,
				48078EF324CEA4E8003F410C /* Place.swift in Sources */,
				48301CE023F1DC9700B3867B /* MainView.swift in Sources */,
				4842923B222DBE12002B2C2C /* APIEndpoints.swift in Sources */,
				4885F1B4236EE942003FF77D /* URLSessionExtensions.swift in Sources */,
				48EB359224CCCE66008B1648 /* FurgoperfectosDetailView.swift in Sources */,
				4837C7F1224427170060F89D /* FurgoperfectoMapAccessoryView.swift in Sources */,
				48009C4B2242E8940086DE35 /* FurgoperfectosAnnotationView.swift in Sources */,
				4885F1B9236F1464003FF77D /* MapViewDelegate.swift in Sources */,
				48009C472242E79D0086DE35 /* ClusterAnnotationView.swift in Sources */,
				48CF531D222DA3F000C4F911 /* MapViewController.swift in Sources */,
				48EB359824CD6160008B1648 /* FurgoperfectoRowView.swift in Sources */,
				48BD1A8922381CDA000AF785 /* Extensions.swift in Sources */,
				48009C492242E7F30086DE35 /* FurgoperfectoAnnotation.swift in Sources */,
				48429237222DAD2E002B2C2C /* FurgoperfectosRepository.swift in Sources */,
				48EB358B24CCA1FB008B1648 /* DataErrors.swift in Sources */,
				48BD1A8F2238248C000AF785 /* FurgoperfectoListViewModel.swift in Sources */,
				48EB358E24CCAB22008B1648 /* ImageLoader.swift in Sources */,
				48CF531B222DA3F000C4F911 /* AppDelegate.swift in Sources */,
				48078EF524CEA525003F410C /* FurgoparfectoModel.swift in Sources */,
				48EB359024CCAB7F008B1648 /* AsyncImage.swift in Sources */,
				48429239222DAD3F002B2C2C /* FurgoperfectoDataModel.swift in Sources */,
				48301CE223F1DCDB00B3867B /* SceneDelegate.swift in Sources */,
				48429234222DACF1002B2C2C /* MapViewModel.swift in Sources */,
				48301CF223F205EB00B3867B /* FurgoperfectosListView.swift in Sources */,
				4894764B24CDB6C9007FB611 /* ArrayExtensions.swift in Sources */,
				4894764D24CDB9D3007FB611 /* FurgoperfectoViewModel.swift in Sources */,
				4885F1BB236F1488003FF77D /* MapViewCLLocationManagerDelegate.swift in Sources */,
			);
			runOnlyForDeploymentPostprocessing = 0;
		};
		48CF5327222DA3F200C4F911 /* Sources */ = {
			isa = PBXSourcesBuildPhase;
			buildActionMask = 2147483647;
			files = (
				48CF5330222DA3F200C4F911 /* FurgoperfectosTests.swift in Sources */,
			);
			runOnlyForDeploymentPostprocessing = 0;
		};
		48CF5332222DA3F200C4F911 /* Sources */ = {
			isa = PBXSourcesBuildPhase;
			buildActionMask = 2147483647;
			files = (
				48CF533B222DA3F200C4F911 /* FurgoperfectosUITests.swift in Sources */,
			);
			runOnlyForDeploymentPostprocessing = 0;
		};
/* End PBXSourcesBuildPhase section */

/* Begin PBXTargetDependency section */
		48CF532D222DA3F200C4F911 /* PBXTargetDependency */ = {
			isa = PBXTargetDependency;
			target = 48CF5316222DA3F000C4F911 /* VanLife */;
			targetProxy = 48CF532C222DA3F200C4F911 /* PBXContainerItemProxy */;
		};
		48CF5338222DA3F200C4F911 /* PBXTargetDependency */ = {
			isa = PBXTargetDependency;
			target = 48CF5316222DA3F000C4F911 /* VanLife */;
			targetProxy = 48CF5337222DA3F200C4F911 /* PBXContainerItemProxy */;
		};
/* End PBXTargetDependency section */

/* Begin PBXVariantGroup section */
		48CF531E222DA3F000C4F911 /* Main.storyboard */ = {
			isa = PBXVariantGroup;
			children = (
				48CF531F222DA3F000C4F911 /* Base */,
			);
			name = Main.storyboard;
			sourceTree = "<group>";
		};
		48CF5323222DA3F200C4F911 /* LaunchScreenV2.storyboard */ = {
			isa = PBXVariantGroup;
			children = (
				48CF5324222DA3F200C4F911 /* Base */,
			);
			name = LaunchScreenV2.storyboard;
			sourceTree = "<group>";
		};
/* End PBXVariantGroup section */

/* Begin XCBuildConfiguration section */
		48CF533D222DA3F200C4F911 /* Debug */ = {
			isa = XCBuildConfiguration;
			buildSettings = {
				ALWAYS_SEARCH_USER_PATHS = NO;
				CLANG_ANALYZER_NONNULL = YES;
				CLANG_ANALYZER_NUMBER_OBJECT_CONVERSION = YES_AGGRESSIVE;
				CLANG_CXX_LANGUAGE_STANDARD = "gnu++14";
				CLANG_CXX_LIBRARY = "libc++";
				CLANG_ENABLE_MODULES = YES;
				CLANG_ENABLE_OBJC_ARC = YES;
				CLANG_ENABLE_OBJC_WEAK = YES;
				CLANG_WARN_BLOCK_CAPTURE_AUTORELEASING = YES;
				CLANG_WARN_BOOL_CONVERSION = YES;
				CLANG_WARN_COMMA = YES;
				CLANG_WARN_CONSTANT_CONVERSION = YES;
				CLANG_WARN_DEPRECATED_OBJC_IMPLEMENTATIONS = YES;
				CLANG_WARN_DIRECT_OBJC_ISA_USAGE = YES_ERROR;
				CLANG_WARN_DOCUMENTATION_COMMENTS = YES;
				CLANG_WARN_EMPTY_BODY = YES;
				CLANG_WARN_ENUM_CONVERSION = YES;
				CLANG_WARN_INFINITE_RECURSION = YES;
				CLANG_WARN_INT_CONVERSION = YES;
				CLANG_WARN_NON_LITERAL_NULL_CONVERSION = YES;
				CLANG_WARN_OBJC_IMPLICIT_RETAIN_SELF = YES;
				CLANG_WARN_OBJC_LITERAL_CONVERSION = YES;
				CLANG_WARN_OBJC_ROOT_CLASS = YES_ERROR;
				CLANG_WARN_RANGE_LOOP_ANALYSIS = YES;
				CLANG_WARN_STRICT_PROTOTYPES = YES;
				CLANG_WARN_SUSPICIOUS_MOVE = YES;
				CLANG_WARN_UNGUARDED_AVAILABILITY = YES_AGGRESSIVE;
				CLANG_WARN_UNREACHABLE_CODE = YES;
				CLANG_WARN__DUPLICATE_METHOD_MATCH = YES;
				CODE_SIGN_IDENTITY = "iPhone Developer";
				COPY_PHASE_STRIP = NO;
				DEBUG_INFORMATION_FORMAT = dwarf;
				ENABLE_STRICT_OBJC_MSGSEND = YES;
				ENABLE_TESTABILITY = YES;
				GCC_C_LANGUAGE_STANDARD = gnu11;
				GCC_DYNAMIC_NO_PIC = NO;
				GCC_NO_COMMON_BLOCKS = YES;
				GCC_OPTIMIZATION_LEVEL = 0;
				GCC_PREPROCESSOR_DEFINITIONS = (
					"DEBUG=1",
					"$(inherited)",
				);
				GCC_WARN_64_TO_32_BIT_CONVERSION = YES;
				GCC_WARN_ABOUT_RETURN_TYPE = YES_ERROR;
				GCC_WARN_UNDECLARED_SELECTOR = YES;
				GCC_WARN_UNINITIALIZED_AUTOS = YES_AGGRESSIVE;
				GCC_WARN_UNUSED_FUNCTION = YES;
				GCC_WARN_UNUSED_VARIABLE = YES;
				IPHONEOS_DEPLOYMENT_TARGET = 13.0;
				MTL_ENABLE_DEBUG_INFO = INCLUDE_SOURCE;
				MTL_FAST_MATH = YES;
				ONLY_ACTIVE_ARCH = YES;
				SDKROOT = iphoneos;
				SWIFT_ACTIVE_COMPILATION_CONDITIONS = DEBUG;
				SWIFT_OPTIMIZATION_LEVEL = "-Onone";
			};
			name = Debug;
		};
		48CF533E222DA3F200C4F911 /* Release */ = {
			isa = XCBuildConfiguration;
			buildSettings = {
				ALWAYS_SEARCH_USER_PATHS = NO;
				CLANG_ANALYZER_NONNULL = YES;
				CLANG_ANALYZER_NUMBER_OBJECT_CONVERSION = YES_AGGRESSIVE;
				CLANG_CXX_LANGUAGE_STANDARD = "gnu++14";
				CLANG_CXX_LIBRARY = "libc++";
				CLANG_ENABLE_MODULES = YES;
				CLANG_ENABLE_OBJC_ARC = YES;
				CLANG_ENABLE_OBJC_WEAK = YES;
				CLANG_WARN_BLOCK_CAPTURE_AUTORELEASING = YES;
				CLANG_WARN_BOOL_CONVERSION = YES;
				CLANG_WARN_COMMA = YES;
				CLANG_WARN_CONSTANT_CONVERSION = YES;
				CLANG_WARN_DEPRECATED_OBJC_IMPLEMENTATIONS = YES;
				CLANG_WARN_DIRECT_OBJC_ISA_USAGE = YES_ERROR;
				CLANG_WARN_DOCUMENTATION_COMMENTS = YES;
				CLANG_WARN_EMPTY_BODY = YES;
				CLANG_WARN_ENUM_CONVERSION = YES;
				CLANG_WARN_INFINITE_RECURSION = YES;
				CLANG_WARN_INT_CONVERSION = YES;
				CLANG_WARN_NON_LITERAL_NULL_CONVERSION = YES;
				CLANG_WARN_OBJC_IMPLICIT_RETAIN_SELF = YES;
				CLANG_WARN_OBJC_LITERAL_CONVERSION = YES;
				CLANG_WARN_OBJC_ROOT_CLASS = YES_ERROR;
				CLANG_WARN_RANGE_LOOP_ANALYSIS = YES;
				CLANG_WARN_STRICT_PROTOTYPES = YES;
				CLANG_WARN_SUSPICIOUS_MOVE = YES;
				CLANG_WARN_UNGUARDED_AVAILABILITY = YES_AGGRESSIVE;
				CLANG_WARN_UNREACHABLE_CODE = YES;
				CLANG_WARN__DUPLICATE_METHOD_MATCH = YES;
				CODE_SIGN_IDENTITY = "iPhone Developer";
				COPY_PHASE_STRIP = NO;
				DEBUG_INFORMATION_FORMAT = "dwarf-with-dsym";
				ENABLE_NS_ASSERTIONS = NO;
				ENABLE_STRICT_OBJC_MSGSEND = YES;
				GCC_C_LANGUAGE_STANDARD = gnu11;
				GCC_NO_COMMON_BLOCKS = YES;
				GCC_WARN_64_TO_32_BIT_CONVERSION = YES;
				GCC_WARN_ABOUT_RETURN_TYPE = YES_ERROR;
				GCC_WARN_UNDECLARED_SELECTOR = YES;
				GCC_WARN_UNINITIALIZED_AUTOS = YES_AGGRESSIVE;
				GCC_WARN_UNUSED_FUNCTION = YES;
				GCC_WARN_UNUSED_VARIABLE = YES;
				IPHONEOS_DEPLOYMENT_TARGET = 13.0;
				MTL_ENABLE_DEBUG_INFO = NO;
				MTL_FAST_MATH = YES;
				SDKROOT = iphoneos;
				SWIFT_COMPILATION_MODE = wholemodule;
				SWIFT_OPTIMIZATION_LEVEL = "-O";
				VALIDATE_PRODUCT = YES;
			};
			name = Release;
		};
		48CF5340222DA3F200C4F911 /* Debug */ = {
			isa = XCBuildConfiguration;
			baseConfigurationReference = 423E2C370C6A202B3C4403F8 /* Pods-VanLife.debug.xcconfig */;
			buildSettings = {
				ASSETCATALOG_COMPILER_APPICON_NAME = AppIcon;
				CODE_SIGN_IDENTITY = "iPhone Developer";
				CODE_SIGN_STYLE = Automatic;
				DEVELOPMENT_TEAM = DQZ7G5MLVC;
				INFOPLIST_FILE = VanLife/Resources/Info.plist;
				IPHONEOS_DEPLOYMENT_TARGET = 13.0;
				LD_RUNPATH_SEARCH_PATHS = (
					"$(inherited)",
					"@executable_path/Frameworks",
				);
				PRODUCT_BUNDLE_IDENTIFIER = com.josepescobar.furgoperfectos.ios;
				PRODUCT_NAME = "$(TARGET_NAME)";
				PROVISIONING_PROFILE_SPECIFIER = "";
				SWIFT_VERSION = 5.0;
				TARGETED_DEVICE_FAMILY = "1,2";
			};
			name = Debug;
		};
		48CF5341222DA3F200C4F911 /* Release */ = {
			isa = XCBuildConfiguration;
			baseConfigurationReference = 6D9A1CA5E7DEAA04327DBFA8 /* Pods-VanLife.release.xcconfig */;
			buildSettings = {
				ASSETCATALOG_COMPILER_APPICON_NAME = AppIcon;
				CODE_SIGN_IDENTITY = "iPhone Developer";
				CODE_SIGN_STYLE = Automatic;
				DEVELOPMENT_TEAM = DQZ7G5MLVC;
				INFOPLIST_FILE = VanLife/Resources/Info.plist;
				IPHONEOS_DEPLOYMENT_TARGET = 13.0;
				LD_RUNPATH_SEARCH_PATHS = (
					"$(inherited)",
					"@executable_path/Frameworks",
				);
				PRODUCT_BUNDLE_IDENTIFIER = com.josepescobar.furgoperfectos.ios;
				PRODUCT_NAME = "$(TARGET_NAME)";
				PROVISIONING_PROFILE_SPECIFIER = "";
				SWIFT_VERSION = 5.0;
				TARGETED_DEVICE_FAMILY = "1,2";
			};
			name = Release;
		};
		48CF5343222DA3F200C4F911 /* Debug */ = {
			isa = XCBuildConfiguration;
			baseConfigurationReference = 887EE5F019E63995012D1777 /* Pods-VanLifeTests.debug.xcconfig */;
			buildSettings = {
				ALWAYS_EMBED_SWIFT_STANDARD_LIBRARIES = YES;
				BUNDLE_LOADER = "$(TEST_HOST)";
				CODE_SIGN_STYLE = Automatic;
				DEVELOPMENT_TEAM = DQZ7G5MLVC;
				INFOPLIST_FILE = FurgoperfectosTests/Info.plist;
				LD_RUNPATH_SEARCH_PATHS = (
					"$(inherited)",
					"@executable_path/Frameworks",
					"@loader_path/Frameworks",
				);
				PRODUCT_BUNDLE_IDENTIFIER = com.josepescobar.FurgoperfectosTests;
				PRODUCT_NAME = "$(TARGET_NAME)";
				SWIFT_VERSION = 5.0;
				TARGETED_DEVICE_FAMILY = "1,2";
				TEST_HOST = "$(BUILT_PRODUCTS_DIR)/VanLife.app/VanLife";
			};
			name = Debug;
		};
		48CF5344222DA3F200C4F911 /* Release */ = {
			isa = XCBuildConfiguration;
			baseConfigurationReference = 26B4F1911FD1D05E06909DF0 /* Pods-VanLifeTests.release.xcconfig */;
			buildSettings = {
				ALWAYS_EMBED_SWIFT_STANDARD_LIBRARIES = YES;
				BUNDLE_LOADER = "$(TEST_HOST)";
				CODE_SIGN_STYLE = Automatic;
				DEVELOPMENT_TEAM = DQZ7G5MLVC;
				INFOPLIST_FILE = FurgoperfectosTests/Info.plist;
				LD_RUNPATH_SEARCH_PATHS = (
					"$(inherited)",
					"@executable_path/Frameworks",
					"@loader_path/Frameworks",
				);
				PRODUCT_BUNDLE_IDENTIFIER = com.josepescobar.FurgoperfectosTests;
				PRODUCT_NAME = "$(TARGET_NAME)";
				SWIFT_VERSION = 5.0;
				TARGETED_DEVICE_FAMILY = "1,2";
				TEST_HOST = "$(BUILT_PRODUCTS_DIR)/VanLife.app/VanLife";
			};
			name = Release;
		};
		48CF5346222DA3F200C4F911 /* Debug */ = {
			isa = XCBuildConfiguration;
			baseConfigurationReference = 99B23FE0F3F8B57B4FDEA61B /* Pods-VanLifeUITests.debug.xcconfig */;
			buildSettings = {
				ALWAYS_EMBED_SWIFT_STANDARD_LIBRARIES = YES;
				CODE_SIGN_STYLE = Automatic;
				DEVELOPMENT_TEAM = DQZ7G5MLVC;
				INFOPLIST_FILE = FurgoperfectosUITests/Info.plist;
				LD_RUNPATH_SEARCH_PATHS = (
					"$(inherited)",
					"@executable_path/Frameworks",
					"@loader_path/Frameworks",
				);
				PRODUCT_BUNDLE_IDENTIFIER = com.josepescobar.FurgoperfectosUITests;
				PRODUCT_NAME = "$(TARGET_NAME)";
				SWIFT_VERSION = 5.0;
				TARGETED_DEVICE_FAMILY = "1,2";
				TEST_TARGET_NAME = Furgoperfectos;
			};
			name = Debug;
		};
		48CF5347222DA3F200C4F911 /* Release */ = {
			isa = XCBuildConfiguration;
			baseConfigurationReference = FB8428F68ED2F4818470B851 /* Pods-VanLifeUITests.release.xcconfig */;
			buildSettings = {
				ALWAYS_EMBED_SWIFT_STANDARD_LIBRARIES = YES;
				CODE_SIGN_STYLE = Automatic;
				DEVELOPMENT_TEAM = DQZ7G5MLVC;
				INFOPLIST_FILE = FurgoperfectosUITests/Info.plist;
				LD_RUNPATH_SEARCH_PATHS = (
					"$(inherited)",
					"@executable_path/Frameworks",
					"@loader_path/Frameworks",
				);
				PRODUCT_BUNDLE_IDENTIFIER = com.josepescobar.FurgoperfectosUITests;
				PRODUCT_NAME = "$(TARGET_NAME)";
				SWIFT_VERSION = 5.0;
				TARGETED_DEVICE_FAMILY = "1,2";
				TEST_TARGET_NAME = Furgoperfectos;
			};
			name = Release;
		};
/* End XCBuildConfiguration section */

/* Begin XCConfigurationList section */
		48CF5312222DA3F000C4F911 /* Build configuration list for PBXProject "VanLife" */ = {
			isa = XCConfigurationList;
			buildConfigurations = (
				48CF533D222DA3F200C4F911 /* Debug */,
				48CF533E222DA3F200C4F911 /* Release */,
			);
			defaultConfigurationIsVisible = 0;
			defaultConfigurationName = Release;
		};
		48CF533F222DA3F200C4F911 /* Build configuration list for PBXNativeTarget "VanLife" */ = {
			isa = XCConfigurationList;
			buildConfigurations = (
				48CF5340222DA3F200C4F911 /* Debug */,
				48CF5341222DA3F200C4F911 /* Release */,
			);
			defaultConfigurationIsVisible = 0;
			defaultConfigurationName = Release;
		};
		48CF5342222DA3F200C4F911 /* Build configuration list for PBXNativeTarget "VanLifeTests" */ = {
			isa = XCConfigurationList;
			buildConfigurations = (
				48CF5343222DA3F200C4F911 /* Debug */,
				48CF5344222DA3F200C4F911 /* Release */,
			);
			defaultConfigurationIsVisible = 0;
			defaultConfigurationName = Release;
		};
		48CF5345222DA3F200C4F911 /* Build configuration list for PBXNativeTarget "VanLifeUITests" */ = {
			isa = XCConfigurationList;
			buildConfigurations = (
				48CF5346222DA3F200C4F911 /* Debug */,
				48CF5347222DA3F200C4F911 /* Release */,
			);
			defaultConfigurationIsVisible = 0;
			defaultConfigurationName = Release;
		};
/* End XCConfigurationList section */
	};
	rootObject = 48CF530F222DA3F000C4F911 /* Project object */;
}
