// !$*UTF8*$!
{
	archiveVersion = 1;
	classes = {
	};
	objectVersion = 50;
	objects = {

/* Begin PBXBuildFile section */
		48CF531B222DA3F000C4F911 /* AppDelegate.swift in Sources */ = {isa = PBXBuildFile; fileRef = 48CF531A222DA3F000C4F911 /* AppDelegate.swift */; };
		48CF531D222DA3F000C4F911 /* MapViewController.swift in Sources */ = {isa = PBXBuildFile; fileRef = 48CF531C222DA3F000C4F911 /* MapViewController.swift */; };
		48CF5320222DA3F000C4F911 /* Main.storyboard in Resources */ = {isa = PBXBuildFile; fileRef = 48CF531E222DA3F000C4F911 /* Main.storyboard */; };
		48CF5322222DA3F200C4F911 /* Assets.xcassets in Resources */ = {isa = PBXBuildFile; fileRef = 48CF5321222DA3F200C4F911 /* Assets.xcassets */; };
		48CF5325222DA3F200C4F911 /* LaunchScreen.storyboard in Resources */ = {isa = PBXBuildFile; fileRef = 48CF5323222DA3F200C4F911 /* LaunchScreen.storyboard */; };
		48CF5330222DA3F200C4F911 /* FurgoperfectosTests.swift in Sources */ = {isa = PBXBuildFile; fileRef = 48CF532F222DA3F200C4F911 /* FurgoperfectosTests.swift */; };
		48CF533B222DA3F200C4F911 /* FurgoperfectosUITests.swift in Sources */ = {isa = PBXBuildFile; fileRef = 48CF533A222DA3F200C4F911 /* FurgoperfectosUITests.swift */; };
/* End PBXBuildFile section */

/* Begin PBXContainerItemProxy section */
		48CF532C222DA3F200C4F911 /* PBXContainerItemProxy */ = {
			isa = PBXContainerItemProxy;
			containerPortal = 48CF530F222DA3F000C4F911 /* Project object */;
			proxyType = 1;
			remoteGlobalIDString = 48CF5316222DA3F000C4F911;
			remoteInfo = Furgoperfectos;
		};
		48CF5337222DA3F200C4F911 /* PBXContainerItemProxy */ = {
			isa = PBXContainerItemProxy;
			containerPortal = 48CF530F222DA3F000C4F911 /* Project object */;
			proxyType = 1;
			remoteGlobalIDString = 48CF5316222DA3F000C4F911;
			remoteInfo = Furgoperfectos;
		};
/* End PBXContainerItemProxy section */

/* Begin PBXFileReference section */
		48CF5317222DA3F000C4F911 /* Furgoperfectos.app */ = {isa = PBXFileReference; explicitFileType = wrapper.application; includeInIndex = 0; path = Furgoperfectos.app; sourceTree = BUILT_PRODUCTS_DIR; };
		48CF531A222DA3F000C4F911 /* AppDelegate.swift */ = {isa = PBXFileReference; lastKnownFileType = sourcecode.swift; path = AppDelegate.swift; sourceTree = "<group>"; };
		48CF531C222DA3F000C4F911 /* MapViewController.swift */ = {isa = PBXFileReference; lastKnownFileType = sourcecode.swift; path = MapViewController.swift; sourceTree = "<group>"; };
		48CF531F222DA3F000C4F911 /* Base */ = {isa = PBXFileReference; lastKnownFileType = file.storyboard; name = Base; path = Base.lproj/Main.storyboard; sourceTree = "<group>"; };
		48CF5321222DA3F200C4F911 /* Assets.xcassets */ = {isa = PBXFileReference; lastKnownFileType = folder.assetcatalog; path = Assets.xcassets; sourceTree = "<group>"; };
		48CF5324222DA3F200C4F911 /* Base */ = {isa = PBXFileReference; lastKnownFileType = file.storyboard; name = Base; path = Base.lproj/LaunchScreen.storyboard; sourceTree = "<group>"; };
		48CF5326222DA3F200C4F911 /* Info.plist */ = {isa = PBXFileReference; lastKnownFileType = text.plist.xml; path = Info.plist; sourceTree = "<group>"; };
		48CF532B222DA3F200C4F911 /* FurgoperfectosTests.xctest */ = {isa = PBXFileReference; explicitFileType = wrapper.cfbundle; includeInIndex = 0; path = FurgoperfectosTests.xctest; sourceTree = BUILT_PRODUCTS_DIR; };
		48CF532F222DA3F200C4F911 /* FurgoperfectosTests.swift */ = {isa = PBXFileReference; lastKnownFileType = sourcecode.swift; path = FurgoperfectosTests.swift; sourceTree = "<group>"; };
		48CF5331222DA3F200C4F911 /* Info.plist */ = {isa = PBXFileReference; lastKnownFileType = text.plist.xml; path = Info.plist; sourceTree = "<group>"; };
		48CF5336222DA3F200C4F911 /* FurgoperfectosUITests.xctest */ = {isa = PBXFileReference; explicitFileType = wrapper.cfbundle; includeInIndex = 0; path = FurgoperfectosUITests.xctest; sourceTree = BUILT_PRODUCTS_DIR; };
		48CF533A222DA3F200C4F911 /* FurgoperfectosUITests.swift */ = {isa = PBXFileReference; lastKnownFileType = sourcecode.swift; path = FurgoperfectosUITests.swift; sourceTree = "<group>"; };
		48CF533C222DA3F200C4F911 /* Info.plist */ = {isa = PBXFileReference; lastKnownFileType = text.plist.xml; path = Info.plist; sourceTree = "<group>"; };
/* End PBXFileReference section */

/* Begin PBXFrameworksBuildPhase section */
		48CF5314222DA3F000C4F911 /* Frameworks */ = {
			isa = PBXFrameworksBuildPhase;
			buildActionMask = 2147483647;
			files = (
			);
			runOnlyForDeploymentPostprocessing = 0;
		};
		48CF5328222DA3F200C4F911 /* Frameworks */ = {
			isa = PBXFrameworksBuildPhase;
			buildActionMask = 2147483647;
			files = (
			);
			runOnlyForDeploymentPostprocessing = 0;
		};
		48CF5333222DA3F200C4F911 /* Frameworks */ = {
			isa = PBXFrameworksBuildPhase;
			buildActionMask = 2147483647;
			files = (
			);
			runOnlyForDeploymentPostprocessing = 0;
		};
/* End PBXFrameworksBuildPhase section */

/* Begin PBXGroup section */
		4842922D222DAC3A002B2C2C /* Controller */ = {
			isa = PBXGroup;
			children = (
				48CF531C222DA3F000C4F911 /* MapViewController.swift */,
			);
			path = Controller;
			sourceTree = "<group>";
		};
		4842922E222DAC45002B2C2C /* ViewModel */ = {
			isa = PBXGroup;
			children = (
			);
			path = ViewModel;
			sourceTree = "<group>";
		};
		4842922F222DAC52002B2C2C /* Repository */ = {
			isa = PBXGroup;
			children = (
			);
			path = Repository;
			sourceTree = "<group>";
		};
		48429230222DAC6A002B2C2C /* Models */ = {
			isa = PBXGroup;
			children = (
			);
			path = Models;
			sourceTree = "<group>";
		};
		48CF530E222DA3F000C4F911 = {
			isa = PBXGroup;
			children = (
				48CF5319222DA3F000C4F911 /* Furgoperfectos */,
				48CF532E222DA3F200C4F911 /* FurgoperfectosTests */,
				48CF5339222DA3F200C4F911 /* FurgoperfectosUITests */,
				48CF5318222DA3F000C4F911 /* Products */,
			);
			sourceTree = "<group>";
		};
		48CF5318222DA3F000C4F911 /* Products */ = {
			isa = PBXGroup;
			children = (
				48CF5317222DA3F000C4F911 /* Furgoperfectos.app */,
				48CF532B222DA3F200C4F911 /* FurgoperfectosTests.xctest */,
				48CF5336222DA3F200C4F911 /* FurgoperfectosUITests.xctest */,
			);
			name = Products;
			sourceTree = "<group>";
		};
		48CF5319222DA3F000C4F911 /* Furgoperfectos */ = {
			isa = PBXGroup;
			children = (
				48CF5348222DA4A400C4F911 /* Features */,
				48CF531A222DA3F000C4F911 /* AppDelegate.swift */,
				48CF531E222DA3F000C4F911 /* Main.storyboard */,
				48CF5321222DA3F200C4F911 /* Assets.xcassets */,
				48CF5323222DA3F200C4F911 /* LaunchScreen.storyboard */,
				48CF5326222DA3F200C4F911 /* Info.plist */,
			);
			path = Furgoperfectos;
			sourceTree = "<group>";
		};
		48CF532E222DA3F200C4F911 /* FurgoperfectosTests */ = {
			isa = PBXGroup;
			children = (
				48CF532F222DA3F200C4F911 /* FurgoperfectosTests.swift */,
				48CF5331222DA3F200C4F911 /* Info.plist */,
			);
			path = FurgoperfectosTests;
			sourceTree = "<group>";
		};
		48CF5339222DA3F200C4F911 /* FurgoperfectosUITests */ = {
			isa = PBXGroup;
			children = (
				48CF533A222DA3F200C4F911 /* FurgoperfectosUITests.swift */,
				48CF533C222DA3F200C4F911 /* Info.plist */,
			);
			path = FurgoperfectosUITests;
			sourceTree = "<group>";
		};
		48CF5348222DA4A400C4F911 /* Features */ = {
			isa = PBXGroup;
			children = (
				48CF5349222DA4A900C4F911 /* MapView */,
				48CF534A222DA4B300C4F911 /* ListView */,
			);
			path = Features;
			sourceTree = "<group>";
		};
		48CF5349222DA4A900C4F911 /* MapView */ = {
			isa = PBXGroup;
			children = (
				48429230222DAC6A002B2C2C /* Models */,
				4842922F222DAC52002B2C2C /* Repository */,
				4842922E222DAC45002B2C2C /* ViewModel */,
				4842922D222DAC3A002B2C2C /* Controller */,
			);
			path = MapView;
			sourceTree = "<group>";
		};
		48CF534A222DA4B300C4F911 /* ListView */ = {
			isa = PBXGroup;
			children = (
			);
			path = ListView;
			sourceTree = "<group>";
		};
/* End PBXGroup section */

/* Begin PBXNativeTarget section */
		48CF5316222DA3F000C4F911 /* Furgoperfectos */ = {
			isa = PBXNativeTarget;
			buildConfigurationList = 48CF533F222DA3F200C4F911 /* Build configuration list for PBXNativeTarget "Furgoperfectos" */;
			buildPhases = (
				48CF5313222DA3F000C4F911 /* Sources */,
				48CF5314222DA3F000C4F911 /* Frameworks */,
				48CF5315222DA3F000C4F911 /* Resources */,
			);
			buildRules = (
			);
			dependencies = (
			);
			name = Furgoperfectos;
			productName = Furgoperfectos;
			productReference = 48CF5317222DA3F000C4F911 /* Furgoperfectos.app */;
			productType = "com.apple.product-type.application";
		};
		48CF532A222DA3F200C4F911 /* FurgoperfectosTests */ = {
			isa = PBXNativeTarget;
			buildConfigurationList = 48CF5342222DA3F200C4F911 /* Build configuration list for PBXNativeTarget "FurgoperfectosTests" */;
			buildPhases = (
				48CF5327222DA3F200C4F911 /* Sources */,
				48CF5328222DA3F200C4F911 /* Frameworks */,
				48CF5329222DA3F200C4F911 /* Resources */,
			);
			buildRules = (
			);
			dependencies = (
				48CF532D222DA3F200C4F911 /* PBXTargetDependency */,
			);
			name = FurgoperfectosTests;
			productName = FurgoperfectosTests;
			productReference = 48CF532B222DA3F200C4F911 /* FurgoperfectosTests.xctest */;
			productType = "com.apple.product-type.bundle.unit-test";
		};
		48CF5335222DA3F200C4F911 /* FurgoperfectosUITests */ = {
			isa = PBXNativeTarget;
			buildConfigurationList = 48CF5345222DA3F200C4F911 /* Build configuration list for PBXNativeTarget "FurgoperfectosUITests" */;
			buildPhases = (
				48CF5332222DA3F200C4F911 /* Sources */,
				48CF5333222DA3F200C4F911 /* Frameworks */,
				48CF5334222DA3F200C4F911 /* Resources */,
			);
			buildRules = (
			);
			dependencies = (
				48CF5338222DA3F200C4F911 /* PBXTargetDependency */,
			);
			name = FurgoperfectosUITests;
			productName = FurgoperfectosUITests;
			productReference = 48CF5336222DA3F200C4F911 /* FurgoperfectosUITests.xctest */;
			productType = "com.apple.product-type.bundle.ui-testing";
		};
/* End PBXNativeTarget section */

/* Begin PBXProject section */
		48CF530F222DA3F000C4F911 /* Project object */ = {
			isa = PBXProject;
			attributes = {
				LastSwiftUpdateCheck = 1010;
				LastUpgradeCheck = 1010;
				ORGANIZATIONNAME = "Josep Escobar";
				TargetAttributes = {
					48CF5316222DA3F000C4F911 = {
						CreatedOnToolsVersion = 10.1;
					};
					48CF532A222DA3F200C4F911 = {
						CreatedOnToolsVersion = 10.1;
						TestTargetID = 48CF5316222DA3F000C4F911;
					};
					48CF5335222DA3F200C4F911 = {
						CreatedOnToolsVersion = 10.1;
						TestTargetID = 48CF5316222DA3F000C4F911;
					};
				};
			};
			buildConfigurationList = 48CF5312222DA3F000C4F911 /* Build configuration list for PBXProject "Furgoperfectos" */;
			compatibilityVersion = "Xcode 9.3";
			developmentRegion = en;
			hasScannedForEncodings = 0;
			knownRegions = (
				en,
				Base,
			);
			mainGroup = 48CF530E222DA3F000C4F911;
			productRefGroup = 48CF5318222DA3F000C4F911 /* Products */;
			projectDirPath = "";
			projectRoot = "";
			targets = (
				48CF5316222DA3F000C4F911 /* Furgoperfectos */,
				48CF532A222DA3F200C4F911 /* FurgoperfectosTests */,
				48CF5335222DA3F200C4F911 /* FurgoperfectosUITests */,
			);
		};
/* End PBXProject section */

/* Begin PBXResourcesBuildPhase section */
		48CF5315222DA3F000C4F911 /* Resources */ = {
			isa = PBXResourcesBuildPhase;
			buildActionMask = 2147483647;
			files = (
				48CF5325222DA3F200C4F911 /* LaunchScreen.storyboard in Resources */,
				48CF5322222DA3F200C4F911 /* Assets.xcassets in Resources */,
				48CF5320222DA3F000C4F911 /* Main.storyboard in Resources */,
			);
			runOnlyForDeploymentPostprocessing = 0;
		};
		48CF5329222DA3F200C4F911 /* Resources */ = {
			isa = PBXResourcesBuildPhase;
			buildActionMask = 2147483647;
			files = (
			);
			runOnlyForDeploymentPostprocessing = 0;
		};
		48CF5334222DA3F200C4F911 /* Resources */ = {
			isa = PBXResourcesBuildPhase;
			buildActionMask = 2147483647;
			files = (
			);
			runOnlyForDeploymentPostprocessing = 0;
		};
/* End PBXResourcesBuildPhase section */

/* Begin PBXSourcesBuildPhase section */
		48CF5313222DA3F000C4F911 /* Sources */ = {
			isa = PBXSourcesBuildPhase;
			buildActionMask = 2147483647;
			files = (
				48CF531D222DA3F000C4F911 /* MapViewController.swift in Sources */,
				48CF531B222DA3F000C4F911 /* AppDelegate.swift in Sources */,
			);
			runOnlyForDeploymentPostprocessing = 0;
		};
		48CF5327222DA3F200C4F911 /* Sources */ = {
			isa = PBXSourcesBuildPhase;
			buildActionMask = 2147483647;
			files = (
				48CF5330222DA3F200C4F911 /* FurgoperfectosTests.swift in Sources */,
			);
			runOnlyForDeploymentPostprocessing = 0;
		};
		48CF5332222DA3F200C4F911 /* Sources */ = {
			isa = PBXSourcesBuildPhase;
			buildActionMask = 2147483647;
			files = (
				48CF533B222DA3F200C4F911 /* FurgoperfectosUITests.swift in Sources */,
			);
			runOnlyForDeploymentPostprocessing = 0;
		};
/* End PBXSourcesBuildPhase section */

/* Begin PBXTargetDependency section */
		48CF532D222DA3F200C4F911 /* PBXTargetDependency */ = {
			isa = PBXTargetDependency;
			target = 48CF5316222DA3F000C4F911 /* Furgoperfectos */;
			targetProxy = 48CF532C222DA3F200C4F911 /* PBXContainerItemProxy */;
		};
		48CF5338222DA3F200C4F911 /* PBXTargetDependency */ = {
			isa = PBXTargetDependency;
			target = 48CF5316222DA3F000C4F911 /* Furgoperfectos */;
			targetProxy = 48CF5337222DA3F200C4F911 /* PBXContainerItemProxy */;
		};
/* End PBXTargetDependency section */

/* Begin PBXVariantGroup section */
		48CF531E222DA3F000C4F911 /* Main.storyboard */ = {
			isa = PBXVariantGroup;
			children = (
				48CF531F222DA3F000C4F911 /* Base */,
			);
			name = Main.storyboard;
			sourceTree = "<group>";
		};
		48CF5323222DA3F200C4F911 /* LaunchScreen.storyboard */ = {
			isa = PBXVariantGroup;
			children = (
				48CF5324222DA3F200C4F911 /* Base */,
			);
			name = LaunchScreen.storyboard;
			sourceTree = "<group>";
		};
/* End PBXVariantGroup section */

/* Begin XCBuildConfiguration section */
		48CF533D222DA3F200C4F911 /* Debug */ = {
			isa = XCBuildConfiguration;
			buildSettings = {
				ALWAYS_SEARCH_USER_PATHS = NO;
				CLANG_ANALYZER_NONNULL = YES;
				CLANG_ANALYZER_NUMBER_OBJECT_CONVERSION = YES_AGGRESSIVE;
				CLANG_CXX_LANGUAGE_STANDARD = "gnu++14";
				CLANG_CXX_LIBRARY = "libc++";
				CLANG_ENABLE_MODULES = YES;
				CLANG_ENABLE_OBJC_ARC = YES;
				CLANG_ENABLE_OBJC_WEAK = YES;
				CLANG_WARN_BLOCK_CAPTURE_AUTORELEASING = YES;
				CLANG_WARN_BOOL_CONVERSION = YES;
				CLANG_WARN_COMMA = YES;
				CLANG_WARN_CONSTANT_CONVERSION = YES;
				CLANG_WARN_DEPRECATED_OBJC_IMPLEMENTATIONS = YES;
				CLANG_WARN_DIRECT_OBJC_ISA_USAGE = YES_ERROR;
				CLANG_WARN_DOCUMENTATION_COMMENTS = YES;
				CLANG_WARN_EMPTY_BODY = YES;
				CLANG_WARN_ENUM_CONVERSION = YES;
				CLANG_WARN_INFINITE_RECURSION = YES;
				CLANG_WARN_INT_CONVERSION = YES;
				CLANG_WARN_NON_LITERAL_NULL_CONVERSION = YES;
				CLANG_WARN_OBJC_IMPLICIT_RETAIN_SELF = YES;
				CLANG_WARN_OBJC_LITERAL_CONVERSION = YES;
				CLANG_WARN_OBJC_ROOT_CLASS = YES_ERROR;
				CLANG_WARN_RANGE_LOOP_ANALYSIS = YES;
				CLANG_WARN_STRICT_PROTOTYPES = YES;
				CLANG_WARN_SUSPICIOUS_MOVE = YES;
				CLANG_WARN_UNGUARDED_AVAILABILITY = YES_AGGRESSIVE;
				CLANG_WARN_UNREACHABLE_CODE = YES;
				CLANG_WARN__DUPLICATE_METHOD_MATCH = YES;
				CODE_SIGN_IDENTITY = "iPhone Developer";
				COPY_PHASE_STRIP = NO;
				DEBUG_INFORMATION_FORMAT = dwarf;
				ENABLE_STRICT_OBJC_MSGSEND = YES;
				ENABLE_TESTABILITY = YES;
				GCC_C_LANGUAGE_STANDARD = gnu11;
				GCC_DYNAMIC_NO_PIC = NO;
				GCC_NO_COMMON_BLOCKS = YES;
				GCC_OPTIMIZATION_LEVEL = 0;
				GCC_PREPROCESSOR_DEFINITIONS = (
					"DEBUG=1",
					"$(inherited)",
				);
				GCC_WARN_64_TO_32_BIT_CONVERSION = YES;
				GCC_WARN_ABOUT_RETURN_TYPE = YES_ERROR;
				GCC_WARN_UNDECLARED_SELECTOR = YES;
				GCC_WARN_UNINITIALIZED_AUTOS = YES_AGGRESSIVE;
				GCC_WARN_UNUSED_FUNCTION = YES;
				GCC_WARN_UNUSED_VARIABLE = YES;
				IPHONEOS_DEPLOYMENT_TARGET = 12.1;
				MTL_ENABLE_DEBUG_INFO = INCLUDE_SOURCE;
				MTL_FAST_MATH = YES;
				ONLY_ACTIVE_ARCH = YES;
				SDKROOT = iphoneos;
				SWIFT_ACTIVE_COMPILATION_CONDITIONS = DEBUG;
				SWIFT_OPTIMIZATION_LEVEL = "-Onone";
			};
			name = Debug;
		};
		48CF533E222DA3F200C4F911 /* Release */ = {
			isa = XCBuildConfiguration;
			buildSettings = {
				ALWAYS_SEARCH_USER_PATHS = NO;
				CLANG_ANALYZER_NONNULL = YES;
				CLANG_ANALYZER_NUMBER_OBJECT_CONVERSION = YES_AGGRESSIVE;
				CLANG_CXX_LANGUAGE_STANDARD = "gnu++14";
				CLANG_CXX_LIBRARY = "libc++";
				CLANG_ENABLE_MODULES = YES;
				CLANG_ENABLE_OBJC_ARC = YES;
				CLANG_ENABLE_OBJC_WEAK = YES;
				CLANG_WARN_BLOCK_CAPTURE_AUTORELEASING = YES;
				CLANG_WARN_BOOL_CONVERSION = YES;
				CLANG_WARN_COMMA = YES;
				CLANG_WARN_CONSTANT_CONVERSION = YES;
				CLANG_WARN_DEPRECATED_OBJC_IMPLEMENTATIONS = YES;
				CLANG_WARN_DIRECT_OBJC_ISA_USAGE = YES_ERROR;
				CLANG_WARN_DOCUMENTATION_COMMENTS = YES;
				CLANG_WARN_EMPTY_BODY = YES;
				CLANG_WARN_ENUM_CONVERSION = YES;
				CLANG_WARN_INFINITE_RECURSION = YES;
				CLANG_WARN_INT_CONVERSION = YES;
				CLANG_WARN_NON_LITERAL_NULL_CONVERSION = YES;
				CLANG_WARN_OBJC_IMPLICIT_RETAIN_SELF = YES;
				CLANG_WARN_OBJC_LITERAL_CONVERSION = YES;
				CLANG_WARN_OBJC_ROOT_CLASS = YES_ERROR;
				CLANG_WARN_RANGE_LOOP_ANALYSIS = YES;
				CLANG_WARN_STRICT_PROTOTYPES = YES;
				CLANG_WARN_SUSPICIOUS_MOVE = YES;
				CLANG_WARN_UNGUARDED_AVAILABILITY = YES_AGGRESSIVE;
				CLANG_WARN_UNREACHABLE_CODE = YES;
				CLANG_WARN__DUPLICATE_METHOD_MATCH = YES;
				CODE_SIGN_IDENTITY = "iPhone Developer";
				COPY_PHASE_STRIP = NO;
				DEBUG_INFORMATION_FORMAT = "dwarf-with-dsym";
				ENABLE_NS_ASSERTIONS = NO;
				ENABLE_STRICT_OBJC_MSGSEND = YES;
				GCC_C_LANGUAGE_STANDARD = gnu11;
				GCC_NO_COMMON_BLOCKS = YES;
				GCC_WARN_64_TO_32_BIT_CONVERSION = YES;
				GCC_WARN_ABOUT_RETURN_TYPE = YES_ERROR;
				GCC_WARN_UNDECLARED_SELECTOR = YES;
				GCC_WARN_UNINITIALIZED_AUTOS = YES_AGGRESSIVE;
				GCC_WARN_UNUSED_FUNCTION = YES;
				GCC_WARN_UNUSED_VARIABLE = YES;
				IPHONEOS_DEPLOYMENT_TARGET = 12.1;
				MTL_ENABLE_DEBUG_INFO = NO;
				MTL_FAST_MATH = YES;
				SDKROOT = iphoneos;
				SWIFT_COMPILATION_MODE = wholemodule;
				SWIFT_OPTIMIZATION_LEVEL = "-O";
				VALIDATE_PRODUCT = YES;
			};
			name = Release;
		};
		48CF5340222DA3F200C4F911 /* Debug */ = {
			isa = XCBuildConfiguration;
			buildSettings = {
				ASSETCATALOG_COMPILER_APPICON_NAME = AppIcon;
				CODE_SIGN_IDENTITY = "iPhone Developer";
				CODE_SIGN_STYLE = Automatic;
				DEVELOPMENT_TEAM = DQZ7G5MLVC;
				INFOPLIST_FILE = Furgoperfectos/Info.plist;
				IPHONEOS_DEPLOYMENT_TARGET = 11.0;
				LD_RUNPATH_SEARCH_PATHS = (
					"$(inherited)",
					"@executable_path/Frameworks",
				);
				PRODUCT_BUNDLE_IDENTIFIER = com.josepescobar.furgoperfectos.ios;
				PRODUCT_NAME = "$(TARGET_NAME)";
				PROVISIONING_PROFILE_SPECIFIER = "";
				SWIFT_VERSION = 4.2;
				TARGETED_DEVICE_FAMILY = "1,2";
			};
			name = Debug;
		};
		48CF5341222DA3F200C4F911 /* Release */ = {
			isa = XCBuildConfiguration;
			buildSettings = {
				ASSETCATALOG_COMPILER_APPICON_NAME = AppIcon;
				CODE_SIGN_IDENTITY = "iPhone Developer";
				CODE_SIGN_STYLE = Automatic;
				DEVELOPMENT_TEAM = DQZ7G5MLVC;
				INFOPLIST_FILE = Furgoperfectos/Info.plist;
				IPHONEOS_DEPLOYMENT_TARGET = 11.0;
				LD_RUNPATH_SEARCH_PATHS = (
					"$(inherited)",
					"@executable_path/Frameworks",
				);
				PRODUCT_BUNDLE_IDENTIFIER = com.josepescobar.furgoperfectos.ios;
				PRODUCT_NAME = "$(TARGET_NAME)";
				PROVISIONING_PROFILE_SPECIFIER = "";
				SWIFT_VERSION = 4.2;
				TARGETED_DEVICE_FAMILY = "1,2";
			};
			name = Release;
		};
		48CF5343222DA3F200C4F911 /* Debug */ = {
			isa = XCBuildConfiguration;
			buildSettings = {
				ALWAYS_EMBED_SWIFT_STANDARD_LIBRARIES = YES;
				BUNDLE_LOADER = "$(TEST_HOST)";
				CODE_SIGN_STYLE = Automatic;
				DEVELOPMENT_TEAM = 25Z7VXYCRL;
				INFOPLIST_FILE = FurgoperfectosTests/Info.plist;
				LD_RUNPATH_SEARCH_PATHS = (
					"$(inherited)",
					"@executable_path/Frameworks",
					"@loader_path/Frameworks",
				);
				PRODUCT_BUNDLE_IDENTIFIER = com.josepescobar.FurgoperfectosTests;
				PRODUCT_NAME = "$(TARGET_NAME)";
				SWIFT_VERSION = 4.2;
				TARGETED_DEVICE_FAMILY = "1,2";
				TEST_HOST = "$(BUILT_PRODUCTS_DIR)/Furgoperfectos.app/Furgoperfectos";
			};
			name = Debug;
		};
		48CF5344222DA3F200C4F911 /* Release */ = {
			isa = XCBuildConfiguration;
			buildSettings = {
				ALWAYS_EMBED_SWIFT_STANDARD_LIBRARIES = YES;
				BUNDLE_LOADER = "$(TEST_HOST)";
				CODE_SIGN_STYLE = Automatic;
				DEVELOPMENT_TEAM = 25Z7VXYCRL;
				INFOPLIST_FILE = FurgoperfectosTests/Info.plist;
				LD_RUNPATH_SEARCH_PATHS = (
					"$(inherited)",
					"@executable_path/Frameworks",
					"@loader_path/Frameworks",
				);
				PRODUCT_BUNDLE_IDENTIFIER = com.josepescobar.FurgoperfectosTests;
				PRODUCT_NAME = "$(TARGET_NAME)";
				SWIFT_VERSION = 4.2;
				TARGETED_DEVICE_FAMILY = "1,2";
				TEST_HOST = "$(BUILT_PRODUCTS_DIR)/Furgoperfectos.app/Furgoperfectos";
			};
			name = Release;
		};
		48CF5346222DA3F200C4F911 /* Debug */ = {
			isa = XCBuildConfiguration;
			buildSettings = {
				ALWAYS_EMBED_SWIFT_STANDARD_LIBRARIES = YES;
				CODE_SIGN_STYLE = Automatic;
				DEVELOPMENT_TEAM = 25Z7VXYCRL;
				INFOPLIST_FILE = FurgoperfectosUITests/Info.plist;
				LD_RUNPATH_SEARCH_PATHS = (
					"$(inherited)",
					"@executable_path/Frameworks",
					"@loader_path/Frameworks",
				);
				PRODUCT_BUNDLE_IDENTIFIER = com.josepescobar.FurgoperfectosUITests;
				PRODUCT_NAME = "$(TARGET_NAME)";
				SWIFT_VERSION = 4.2;
				TARGETED_DEVICE_FAMILY = "1,2";
				TEST_TARGET_NAME = Furgoperfectos;
			};
			name = Debug;
		};
		48CF5347222DA3F200C4F911 /* Release */ = {
			isa = XCBuildConfiguration;
			buildSettings = {
				ALWAYS_EMBED_SWIFT_STANDARD_LIBRARIES = YES;
				CODE_SIGN_STYLE = Automatic;
				DEVELOPMENT_TEAM = 25Z7VXYCRL;
				INFOPLIST_FILE = FurgoperfectosUITests/Info.plist;
				LD_RUNPATH_SEARCH_PATHS = (
					"$(inherited)",
					"@executable_path/Frameworks",
					"@loader_path/Frameworks",
				);
				PRODUCT_BUNDLE_IDENTIFIER = com.josepescobar.FurgoperfectosUITests;
				PRODUCT_NAME = "$(TARGET_NAME)";
				SWIFT_VERSION = 4.2;
				TARGETED_DEVICE_FAMILY = "1,2";
				TEST_TARGET_NAME = Furgoperfectos;
			};
			name = Release;
		};
/* End XCBuildConfiguration section */

/* Begin XCConfigurationList section */
		48CF5312222DA3F000C4F911 /* Build configuration list for PBXProject "Furgoperfectos" */ = {
			isa = XCConfigurationList;
			buildConfigurations = (
				48CF533D222DA3F200C4F911 /* Debug */,
				48CF533E222DA3F200C4F911 /* Release */,
			);
			defaultConfigurationIsVisible = 0;
			defaultConfigurationName = Release;
		};
		48CF533F222DA3F200C4F911 /* Build configuration list for PBXNativeTarget "Furgoperfectos" */ = {
			isa = XCConfigurationList;
			buildConfigurations = (
				48CF5340222DA3F200C4F911 /* Debug */,
				48CF5341222DA3F200C4F911 /* Release */,
			);
			defaultConfigurationIsVisible = 0;
			defaultConfigurationName = Release;
		};
		48CF5342222DA3F200C4F911 /* Build configuration list for PBXNativeTarget "FurgoperfectosTests" */ = {
			isa = XCConfigurationList;
			buildConfigurations = (
				48CF5343222DA3F200C4F911 /* Debug */,
				48CF5344222DA3F200C4F911 /* Release */,
			);
			defaultConfigurationIsVisible = 0;
			defaultConfigurationName = Release;
		};
		48CF5345222DA3F200C4F911 /* Build configuration list for PBXNativeTarget "FurgoperfectosUITests" */ = {
			isa = XCConfigurationList;
			buildConfigurations = (
				48CF5346222DA3F200C4F911 /* Debug */,
				48CF5347222DA3F200C4F911 /* Release */,
			);
			defaultConfigurationIsVisible = 0;
			defaultConfigurationName = Release;
		};
/* End XCConfigurationList section */
	};
	rootObject = 48CF530F222DA3F000C4F911 /* Project object */;
}
